
Microsoft Visual Studio Solution File, Format Version 12.00
# Visual Studio Version 16
VisualStudioVersion = 16.0.29806.167
MinimumVisualStudioVersion = 10.0.40219.1
Project("{FAE04EC0-301F-11D3-BF4B-00C04F79EFBC}") = "MLBInfo.Android", "MLBInfo\MLBInfo.Android\MLBInfo.Android.csproj", "{670930A5-A121-4FEF-B59D-5040D8479001}"
EndProject
Project("{FAE04EC0-301F-11D3-BF4B-00C04F79EFBC}") = "MLBInfo.iOS", "MLBInfo\MLBInfo.iOS\MLBInfo.iOS.csproj", "{436C9078-60DB-4D0D-9C94-B0C6F1E916BE}"
EndProject
Project("{FAE04EC0-301F-11D3-BF4B-00C04F79EFBC}") = "MLBInfo", "MLBInfo\MLBInfo\MLBInfo.csproj", "{71C7B15D-9CCC-4D24-81B2-8494F180A50C}"
EndProject
Global
	GlobalSection(SolutionConfigurationPlatforms) = preSolution
		Debug|Any CPU = Debug|Any CPU
		Debug|iPhone = Debug|iPhone
		Debug|iPhoneSimulator = Debug|iPhoneSimulator
		Release|Any CPU = Release|Any CPU
		Release|iPhone = Release|iPhone
		Release|iPhoneSimulator = Release|iPhoneSimulator
	EndGlobalSection
	GlobalSection(ProjectConfigurationPlatforms) = postSolution
		{670930A5-A121-4FEF-B59D-5040D8479001}.Debug|Any CPU.ActiveCfg = Debug|Any CPU
		{670930A5-A121-4FEF-B59D-5040D8479001}.Debug|Any CPU.Build.0 = Debug|Any CPU
		{670930A5-A121-4FEF-B59D-5040D8479001}.Debug|Any CPU.Deploy.0 = Debug|Any CPU
		{670930A5-A121-4FEF-B59D-5040D8479001}.Debug|iPhone.ActiveCfg = Debug|Any CPU
		{670930A5-A121-4FEF-B59D-5040D8479001}.Debug|iPhone.Build.0 = Debug|Any CPU
		{670930A5-A121-4FEF-B59D-5040D8479001}.Debug|iPhone.Deploy.0 = Debug|Any CPU
		{670930A5-A121-4FEF-B59D-5040D8479001}.Debug|iPhoneSimulator.ActiveCfg = Debug|Any CPU
		{670930A5-A121-4FEF-B59D-5040D8479001}.Debug|iPhoneSimulator.Build.0 = Debug|Any CPU
		{670930A5-A121-4FEF-B59D-5040D8479001}.Debug|iPhoneSimulator.Deploy.0 = Debug|Any CPU
		{670930A5-A121-4FEF-B59D-5040D8479001}.Release|Any CPU.ActiveCfg = Release|Any CPU
		{670930A5-A121-4FEF-B59D-5040D8479001}.Release|Any CPU.Build.0 = Release|Any CPU
		{670930A5-A121-4FEF-B59D-5040D8479001}.Release|Any CPU.Deploy.0 = Release|Any CPU
		{670930A5-A121-4FEF-B59D-5040D8479001}.Release|iPhone.ActiveCfg = Release|Any CPU
		{670930A5-A121-4FEF-B59D-5040D8479001}.Release|iPhone.Build.0 = Release|Any CPU
		{670930A5-A121-4FEF-B59D-5040D8479001}.Release|iPhone.Deploy.0 = Release|Any CPU
		{670930A5-A121-4FEF-B59D-5040D8479001}.Release|iPhoneSimulator.ActiveCfg = Release|Any CPU
		{670930A5-A121-4FEF-B59D-5040D8479001}.Release|iPhoneSimulator.Build.0 = Release|Any CPU
		{670930A5-A121-4FEF-B59D-5040D8479001}.Release|iPhoneSimulator.Deploy.0 = Release|Any CPU
		{436C9078-60DB-4D0D-9C94-B0C6F1E916BE}.Debug|Any CPU.ActiveCfg = Debug|iPhoneSimulator
		{436C9078-60DB-4D0D-9C94-B0C6F1E916BE}.Debug|Any CPU.Build.0 = Debug|iPhoneSimulator
		{436C9078-60DB-4D0D-9C94-B0C6F1E916BE}.Debug|Any CPU.Deploy.0 = Debug|iPhoneSimulator
		{436C9078-60DB-4D0D-9C94-B0C6F1E916BE}.Debug|iPhone.ActiveCfg = Debug|iPhone
		{436C9078-60DB-4D0D-9C94-B0C6F1E916BE}.Debug|iPhone.Build.0 = Debug|iPhone
		{436C9078-60DB-4D0D-9C94-B0C6F1E916BE}.Debug|iPhone.Deploy.0 = Debug|iPhone
		{436C9078-60DB-4D0D-9C94-B0C6F1E916BE}.Debug|iPhoneSimulator.ActiveCfg = Debug|iPhoneSimulator
		{436C9078-60DB-4D0D-9C94-B0C6F1E916BE}.Debug|iPhoneSimulator.Build.0 = Debug|iPhoneSimulator
		{436C9078-60DB-4D0D-9C94-B0C6F1E916BE}.Debug|iPhoneSimulator.Deploy.0 = Debug|iPhoneSimulator
		{436C9078-60DB-4D0D-9C94-B0C6F1E916BE}.Release|Any CPU.ActiveCfg = Release|iPhone
		{436C9078-60DB-4D0D-9C94-B0C6F1E916BE}.Release|Any CPU.Build.0 = Release|iPhone
		{436C9078-60DB-4D0D-9C94-B0C6F1E916BE}.Release|Any CPU.Deploy.0 = Release|iPhone
		{436C9078-60DB-4D0D-9C94-B0C6F1E916BE}.Release|iPhone.ActiveCfg = Release|iPhone
		{436C9078-60DB-4D0D-9C94-B0C6F1E916BE}.Release|iPhone.Build.0 = Release|iPhone
		{436C9078-60DB-4D0D-9C94-B0C6F1E916BE}.Release|iPhone.Deploy.0 = Release|iPhone
		{436C9078-60DB-4D0D-9C94-B0C6F1E916BE}.Release|iPhoneSimulator.ActiveCfg = Release|iPhoneSimulator
		{436C9078-60DB-4D0D-9C94-B0C6F1E916BE}.Release|iPhoneSimulator.Build.0 = Release|iPhoneSimulator
		{436C9078-60DB-4D0D-9C94-B0C6F1E916BE}.Release|iPhoneSimulator.Deploy.0 = Release|iPhoneSimulator
		{71C7B15D-9CCC-4D24-81B2-8494F180A50C}.Debug|Any CPU.ActiveCfg = Debug|Any CPU
		{71C7B15D-9CCC-4D24-81B2-8494F180A50C}.Debug|Any CPU.Build.0 = Debug|Any CPU
		{71C7B15D-9CCC-4D24-81B2-8494F180A50C}.Debug|Any CPU.Deploy.0 = Debug|Any CPU
		{71C7B15D-9CCC-4D24-81B2-8494F180A50C}.Debug|iPhone.ActiveCfg = Debug|Any CPU
		{71C7B15D-9CCC-4D24-81B2-8494F180A50C}.Debug|iPhone.Build.0 = Debug|Any CPU
		{71C7B15D-9CCC-4D24-81B2-8494F180A50C}.Debug|iPhone.Deploy.0 = Debug|Any CPU
		{71C7B15D-9CCC-4D24-81B2-8494F180A50C}.Debug|iPhoneSimulator.ActiveCfg = Debug|Any CPU
		{71C7B15D-9CCC-4D24-81B2-8494F180A50C}.Debug|iPhoneSimulator.Build.0 = Debug|Any CPU
		{71C7B15D-9CCC-4D24-81B2-8494F180A50C}.Debug|iPhoneSimulator.Deploy.0 = Debug|Any CPU
		{71C7B15D-9CCC-4D24-81B2-8494F180A50C}.Release|Any CPU.ActiveCfg = Release|Any CPU
		{71C7B15D-9CCC-4D24-81B2-8494F180A50C}.Release|Any CPU.Build.0 = Release|Any CPU
		{71C7B15D-9CCC-4D24-81B2-8494F180A50C}.Release|Any CPU.Deploy.0 = Release|Any CPU
		{71C7B15D-9CCC-4D24-81B2-8494F180A50C}.Release|iPhone.ActiveCfg = Release|Any CPU
		{71C7B15D-9CCC-4D24-81B2-8494F180A50C}.Release|iPhone.Build.0 = Release|Any CPU
		{71C7B15D-9CCC-4D24-81B2-8494F180A50C}.Release|iPhone.Deploy.0 = Release|Any CPU
		{71C7B15D-9CCC-4D24-81B2-8494F180A50C}.Release|iPhoneSimulator.ActiveCfg = Release|Any CPU
		{71C7B15D-9CCC-4D24-81B2-8494F180A50C}.Release|iPhoneSimulator.Build.0 = Release|Any CPU
		{71C7B15D-9CCC-4D24-81B2-8494F180A50C}.Release|iPhoneSimulator.Deploy.0 = Release|Any CPU
	EndGlobalSection
	GlobalSection(SolutionProperties) = preSolution
		HideSolutionNode = FALSE
	EndGlobalSection
	GlobalSection(ExtensibilityGlobals) = postSolution
		SolutionGuid = {E96D5B49-7EFD-4A51-AD21-8E954EB6E809}
	EndGlobalSection
EndGlobal
